# This file is autogenerated, do not edit; changes may be undone by the next 'dep ensure'.


[[projects]]
  digest = "1:f5ce1529abc1204444ec73779f44f94e2fa8fcdb7aca3c355b0c95947e4005c6"
  name = "github.com/golang/protobuf"
  packages = [
    "proto",
    "ptypes",
    "ptypes/any",
    "ptypes/duration",
    "ptypes/timestamp",
  ]
  pruneopts = "UT"
  revision = "6c65a5562fc06764971b7c5d05c76c75e84bdbf7"
  version = "v1.3.2"

[[projects]]
  digest = "1:5e73b34a27d827212102605789de00bd411b2e434812133c83935fe9897c75e1"
  name = "github.com/philhofer/fwd"
  packages = ["."]
  pruneopts = "UT"
  revision = "bb6d471dc95d4fe11e432687f8b70ff496cf3136"
  version = "v1.0.0"

[[projects]]
  digest = "1:c97e8a5e5c435c3287f581cdb4441ba34577ec6ead8422bfedafa6269af7abf6"
  name = "github.com/tinylib/msgp"
  packages = ["msgp"]
  pruneopts = "UT"
  revision = "af6442a0fcf6e2a1b824f70dd0c734f01e817751"
  version = "v1.1.0"

[[projects]]
  branch = "master"
  digest = "1:a8fd6919206f26786461137af1c068915950c89a725f7ceb383d5f1315a79b9c"
  name = "github.com/zerobase-xyz/go-grpc-sample"
  packages = ["pb"]
  pruneopts = "UT"
  revision = "7897a8b660c0aaf13a310535f7944b6ad807b5e0"

[[projects]]
  branch = "master"
  digest = "1:d2aa096fe6b539afe74dd6ab8e9a160304707f1477b01c637b4bbe20d262a25c"
  name = "golang.org/x/net"
  packages = [
    "context",
    "http/httpguts",
    "http2",
    "http2/hpack",
    "idna",
    "internal/timeseries",
    "trace",
  ]
  pruneopts = "UT"
  revision = "ca1201d0de80cfde86cb01aea620983605dfe99b"

[[projects]]
  branch = "master"
  digest = "1:16c3c95c0f98e5bff7c863065da66f1e747bced6f101281c041060830842ebc1"
  name = "golang.org/x/sys"
  packages = [
    "unix",
    "windows",
  ]
  pruneopts = "UT"
  revision = "cbf593c0f2f39034e9104bbf77e2ec7c48c98fc5"

[[projects]]
  digest = "1:8d8faad6b12a3a4c819a3f9618cb6ee1fa1cfc33253abeeea8b55336721e3405"
  name = "golang.org/x/text"
  packages = [
    "collate",
    "collate/build",
    "internal/colltab",
    "internal/gen",
    "internal/language",
    "internal/language/compact",
    "internal/tag",
    "internal/triegen",
    "internal/ucd",
    "language",
    "secure/bidirule",
    "transform",
    "unicode/bidi",
    "unicode/cldr",
    "unicode/norm",
    "unicode/rangetable",
  ]
  pruneopts = "UT"
  revision = "342b2e1fbaa52c93f31447ad2c6abc048c63e475"
  version = "v0.3.2"

[[projects]]
  branch = "master"
  digest = "1:7b5ce208ea2ca1f96322e6a5b616839fe49ea798648a013039f300475a1aadfc"
  name = "golang.org/x/xerrors"
  packages = [
    ".",
    "internal",
  ]
  pruneopts = "UT"
  revision = "a985d3407aa71f30cf86696ee0a2f409709f22e1"

[[projects]]
  branch = "master"
  digest = "1:583a0c80f5e3a9343d33aea4aead1e1afcc0043db66fdf961ddd1fe8cd3a4faf"
  name = "google.golang.org/genproto"
  packages = ["googleapis/rpc/status"]
  pruneopts = "UT"
  revision = "fa694d86fc64c7654a660f8908de4e879866748d"

[[projects]]
  digest = "1:947ff528f3399903d07eb33f09cd6e8d423a147798023dcecc1ec2066c15afbb"
  name = "google.golang.org/grpc"
  packages = [
    ".",
    "balancer",
    "balancer/base",
    "balancer/roundrobin",
    "binarylog/grpc_binarylog_v1",
    "codes",
    "connectivity",
    "credentials",
    "credentials/internal",
    "encoding",
    "encoding/proto",
    "grpclog",
    "health/grpc_health_v1",
    "internal",
    "internal/backoff",
    "internal/balancerload",
    "internal/binarylog",
    "internal/channelz",
    "internal/envconfig",
    "internal/grpcrand",
    "internal/grpcsync",
    "internal/syscall",
    "internal/transport",
    "keepalive",
    "metadata",
    "naming",
    "peer",
    "resolver",
    "resolver/dns",
    "resolver/passthrough",
    "serviceconfig",
    "stats",
    "status",
    "tap",
  ]
  pruneopts = "UT"
  revision = "045159ad57f3781d409358e3ade910a018c16b30"
  version = "v1.22.1"

[[projects]]
  digest = "1:aa73ffeb63fdfad8613bd3b229592bf4e4289c71b096884858e679de90ce90da"
  name = "gopkg.in/DataDog/dd-trace-go.v1"
  packages = [
    "contrib/google.golang.org/grpc",
    "contrib/google.golang.org/internal/grpcutil",
    "ddtrace",
    "ddtrace/ext",
    "ddtrace/internal",
    "ddtrace/tracer",
    "internal/globalconfig",
    "internal/log",
    "internal/version",
  ]
  pruneopts = "UT"
  revision = "612cde3ce8a9ac1d5cb7070075d6e275bd62752d"
  version = "v1.16.1"

[solve-meta]
  analyzer-name = "dep"
  analyzer-version = 1
  input-imports = [
    "github.com/zerobase-xyz/go-grpc-sample/pb",
    "google.golang.org/grpc",
    "google.golang.org/grpc/codes",
    "google.golang.org/grpc/health/grpc_health_v1",
    "google.golang.org/grpc/status",
    "gopkg.in/DataDog/dd-trace-go.v1/contrib/google.golang.org/grpc",
  ]
  solver-name = "gps-cdcl"
  solver-version = 1
